PODS:
  - Alamofire (4.9.1)
  - SnapKit (5.0.1)

DEPENDENCIES:
  - Alamofire
  - SnapKit

SPEC REPOS:
  trunk:
    - Alamofire
    - SnapKit

SPEC CHECKSUMS:
  Alamofire: 85e8a02c69d6020a0d734f6054870d7ecb75cf18
  SnapKit: 97b92857e3df3a0c71833cce143274bf6ef8e5eb

PODFILE CHECKSUM: da4cf535e2b52f8e95ed08d3da017c70b15c1874

COCOAPODS: 1.9.3
