PODS:
  - Alamofire (4.9.1)
  - FSCalendar (2.8.1)
  - SnapKit (5.0.1)

DEPENDENCIES:
  - Alamofire
  - FSCalendar
  - SnapKit

SPEC REPOS:
  trunk:
    - Alamofire
    - FSCalendar
    - SnapKit

SPEC CHECKSUMS:
  Alamofire: 85e8a02c69d6020a0d734f6054870d7ecb75cf18
  FSCalendar: 5245140456fcbcac5824c203b98bd8068bdfee1a
  SnapKit: 97b92857e3df3a0c71833cce143274bf6ef8e5eb

PODFILE CHECKSUM: 617aeae71ead4f5d6b2a03b0b1002b7eaef53546

COCOAPODS: 1.9.3
